{
  "name": "@aicser/embed",
  "version": "0.2.1",
  "lockfileVersion": 3,
  "requires": true,
  "packages": {
    "": {
      "name": "@aicser/embed",
      "version": "0.2.1",
      "license": "AGPL-3.0",
      "devDependencies": {
        "@sentry/browser": "^8.55.2",
        "typescript": "^5.4.0"
      },
      "peerDependencies": {
        "@sentry/browser": "^8.0.0"
      },
      "peerDependenciesMeta": {
        "@sentry/browser": {
          "optional": true
        }
      }
    },
    "node_modules/@sentry-internal/browser-utils": {
      "version": "8.55.2",
      "resolved": "https://registry.npmjs.org/@sentry-internal/browser-utils/-/browser-utils-8.55.2.tgz",
      "integrity": "sha512-GnKod+gL/Y+1FUM/RGV8q6le1CoyiGbT40MitEK7eVwWe+bfTRq1gN7ioupyHFMUg1RlQkDQ4/sENmio/uow5A==",
      "dev": true,
      "license": "MIT",
      "dependencies": {
        "@sentry/core": "8.55.2"
      },
      "engines": {
        "node": ">=14.18"
      }
    },
    "node_modules/@sentry-internal/feedback": {
      "version": "8.55.2",
      "resolved": "https://registry.npmjs.org/@sentry-internal/feedback/-/feedback-8.55.2.tgz",
      "integrity": "sha512-XQy//NWbL0mLLM5w8wNDWMNpXz39VUyW2397dUrH8++kR63WhUVAvTOtL0o0GMVadSAzl1b08oHP9zSUNFQwcg==",
      "dev": true,
      "license": "MIT",
      "dependencies": {
        "@sentry/core": "8.55.2"
      },
      "engines": {
        "node": ">=14.18"
      }
    },
    "node_modules/@sentry-internal/replay": {
      "version": "8.55.2",
      "resolved": "https://registry.npmjs.org/@sentry-internal/replay/-/replay-8.55.2.tgz",
      "integrity": "sha512-+W43Z697EVe/OgpGW07B773sa8xO1UbpnW0Cr+E+3FMDb6ZbXlaBUoagPTUkkQPdwBe35SDh6r8y2M3EOPGbxg==",
      "dev": true,
      "license": "MIT",
      "dependencies": {
        "@sentry-internal/browser-utils": "8.55.2",
        "@sentry/core": "8.55.2"
      },
      "engines": {
        "node": ">=14.18"
      }
    },
    "node_modules/@sentry-internal/replay-canvas": {
      "version": "8.55.2",
      "resolved": "https://registry.npmjs.org/@sentry-internal/replay-canvas/-/replay-canvas-8.55.2.tgz",
      "integrity": "sha512-P/jGiuR7dRLG9IzD/463fLgiibyYceauav/9prRG0ZxJm1AtuO02OKball2Fs3bbzdzwHCTlcsUuL2ivDF4b5A==",
      "dev": true,
      "license": "MIT",
      "dependencies": {
        "@sentry-internal/replay": "8.55.2",
        "@sentry/core": "8.55.2"
      },
      "engines": {
        "node": ">=14.18"
      }
    },
    "node_modules/@sentry/browser": {
      "version": "8.55.2",
      "resolved": "https://registry.npmjs.org/@sentry/browser/-/browser-8.55.2.tgz",
      "integrity": "sha512-xHuPIEKhx9zw5quWvv4YgZprnwoVMCfxIhmOIf6KJ9iizyUHeUDcKpLS59xERroqwX4RpvK+l/27AZu4zfZlzQ==",
      "dev": true,
      "license": "MIT",
      "dependencies": {
        "@sentry-internal/browser-utils": "8.55.2",
        "@sentry-internal/feedback": "8.55.2",
        "@sentry-internal/replay": "8.55.2",
        "@sentry-internal/replay-canvas": "8.55.2",
        "@sentry/core": "8.55.2"
      },
      "engines": {
        "node": ">=14.18"
      }
    },
    "node_modules/@sentry/core": {
      "version": "8.55.2",
      "resolved": "https://registry.npmjs.org/@sentry/core/-/core-8.55.2.tgz",
      "integrity": "sha512-YlEBwybUcOQ/KjMHDmof1vwweVnBtBxYlQp7DE3fOdtW4pqqdHWTnTntQs4VgYfxzjJYgtkd9LHlGtg8qy+JVQ==",
      "dev": true,
      "license": "MIT",
      "engines": {
        "node": ">=14.18"
      }
    },
    "node_modules/typescript": {
      "version": "5.9.3",
      "resolved": "https://registry.npmjs.org/typescript/-/typescript-5.9.3.tgz",
      "integrity": "sha512-jl1vZzPDinLr9eUt3J/t7V6FgNEw9QjvBPdysz9KfQDD41fQrC2Y4vKQdiaUpFT4bXlb1RHhLpp8wtm6M5TgSw==",
      "dev": true,
      "license": "Apache-2.0",
      "bin": {
        "tsc": "bin/tsc",
        "tsserver": "bin/tsserver"
      },
      "engines": {
        "node": ">=14.17"
      }
    }
  }
}
